
Microsoft Visual Studio Solution File, Format Version 12.00
# Visual Studio Version 16
VisualStudioVersion = 16.0.29418.71
MinimumVisualStudioVersion = 10.0.40219.1
Project("{9A19103F-16F7-4668-BE54-9A1E7A4F7556}") = "Weather.API", "Weather.API\Weather.API.csproj", "{A7F7007F-FF18-46AA-8C2F-B1FEE2083EDB}"
EndProject
Project("{9A19103F-16F7-4668-BE54-9A1E7A4F7556}") = "Weather.Domain", "Weather.Domain\Weather.Domain.csproj", "{E984259E-4AA7-4047-A8D9-2D88C0127113}"
EndProject
Project("{9A19103F-16F7-4668-BE54-9A1E7A4F7556}") = "Weather.Infrastructure", "Weather.Infrastructure\Weather.Infrastructure.csproj", "{4D13A46A-95CE-41DA-8FC3-E941ED59845C}"
EndProject
Project("{9A19103F-16F7-4668-BE54-9A1E7A4F7556}") = "Weather.Common", "Weather.Common\Weather.Common.csproj", "{9CF13965-8C5C-4740-9397-4415FB2BE571}"
EndProject
Project("{9A19103F-16F7-4668-BE54-9A1E7A4F7556}") = "Weather.Application", "Weather.Application\Weather.Application.csproj", "{1CAD97B2-7A02-4B45-8668-D6FA6A6E9E9C}"
EndProject
Global
	GlobalSection(SolutionConfigurationPlatforms) = preSolution
		Debug|Any CPU = Debug|Any CPU
		Release|Any CPU = Release|Any CPU
	EndGlobalSection
	GlobalSection(ProjectConfigurationPlatforms) = postSolution
		{A7F7007F-FF18-46AA-8C2F-B1FEE2083EDB}.Debug|Any CPU.ActiveCfg = Debug|Any CPU
		{A7F7007F-FF18-46AA-8C2F-B1FEE2083EDB}.Debug|Any CPU.Build.0 = Debug|Any CPU
		{A7F7007F-FF18-46AA-8C2F-B1FEE2083EDB}.Release|Any CPU.ActiveCfg = Release|Any CPU
		{A7F7007F-FF18-46AA-8C2F-B1FEE2083EDB}.Release|Any CPU.Build.0 = Release|Any CPU
		{E984259E-4AA7-4047-A8D9-2D88C0127113}.Debug|Any CPU.ActiveCfg = Debug|Any CPU
		{E984259E-4AA7-4047-A8D9-2D88C0127113}.Debug|Any CPU.Build.0 = Debug|Any CPU
		{E984259E-4AA7-4047-A8D9-2D88C0127113}.Release|Any CPU.ActiveCfg = Release|Any CPU
		{E984259E-4AA7-4047-A8D9-2D88C0127113}.Release|Any CPU.Build.0 = Release|Any CPU
		{4D13A46A-95CE-41DA-8FC3-E941ED59845C}.Debug|Any CPU.ActiveCfg = Debug|Any CPU
		{4D13A46A-95CE-41DA-8FC3-E941ED59845C}.Debug|Any CPU.Build.0 = Debug|Any CPU
		{4D13A46A-95CE-41DA-8FC3-E941ED59845C}.Release|Any CPU.ActiveCfg = Release|Any CPU
		{4D13A46A-95CE-41DA-8FC3-E941ED59845C}.Release|Any CPU.Build.0 = Release|Any CPU
		{9CF13965-8C5C-4740-9397-4415FB2BE571}.Debug|Any CPU.ActiveCfg = Debug|Any CPU
		{9CF13965-8C5C-4740-9397-4415FB2BE571}.Debug|Any CPU.Build.0 = Debug|Any CPU
		{9CF13965-8C5C-4740-9397-4415FB2BE571}.Release|Any CPU.ActiveCfg = Release|Any CPU
		{9CF13965-8C5C-4740-9397-4415FB2BE571}.Release|Any CPU.Build.0 = Release|Any CPU
		{1CAD97B2-7A02-4B45-8668-D6FA6A6E9E9C}.Debug|Any CPU.ActiveCfg = Debug|Any CPU
		{1CAD97B2-7A02-4B45-8668-D6FA6A6E9E9C}.Debug|Any CPU.Build.0 = Debug|Any CPU
		{1CAD97B2-7A02-4B45-8668-D6FA6A6E9E9C}.Release|Any CPU.ActiveCfg = Release|Any CPU
		{1CAD97B2-7A02-4B45-8668-D6FA6A6E9E9C}.Release|Any CPU.Build.0 = Release|Any CPU
	EndGlobalSection
	GlobalSection(SolutionProperties) = preSolution
		HideSolutionNode = FALSE
	EndGlobalSection
	GlobalSection(ExtensibilityGlobals) = postSolution
		SolutionGuid = {92BF2051-E56B-4946-BEDA-6778A3FDE26B}
	EndGlobalSection
EndGlobal
